// !$*UTF8*$!
{
	archiveVersion = 1;
	classes = {
	};
	objectVersion = 48;
	objects = {

/* Begin PBXBuildFile section */
		0D6FB1A422BC9DCD00F11713 /* MCMenuTableView.m in Sources */ = {isa = PBXBuildFile; fileRef = 0D6FB1A322BC9DCD00F11713 /* MCMenuTableView.m */; };
		0D6FB1A722BCA89800F11713 /* MCPopMenuSetting.m in Sources */ = {isa = PBXBuildFile; fileRef = 0D6FB1A622BCA89800F11713 /* MCPopMenuSetting.m */; };
		FE940BD52047E59200AF10E2 /* AppDelegate.m in Sources */ = {isa = PBXBuildFile; fileRef = FE940BD42047E59200AF10E2 /* AppDelegate.m */; };
		FE940BD82047E59200AF10E2 /* ViewController.m in Sources */ = {isa = PBXBuildFile; fileRef = FE940BD72047E59200AF10E2 /* ViewController.m */; };
		FE940BDB2047E59200AF10E2 /* Main.storyboard in Resources */ = {isa = PBXBuildFile; fileRef = FE940BD92047E59200AF10E2 /* Main.storyboard */; };
		FE940BDD2047E59200AF10E2 /* Assets.xcassets in Resources */ = {isa = PBXBuildFile; fileRef = FE940BDC2047E59200AF10E2 /* Assets.xcassets */; };
		FE940BE02047E59200AF10E2 /* LaunchScreen.storyboard in Resources */ = {isa = PBXBuildFile; fileRef = FE940BDE2047E59200AF10E2 /* LaunchScreen.storyboard */; };
		FE940BE32047E59200AF10E2 /* main.m in Sources */ = {isa = PBXBuildFile; fileRef = FE940BE22047E59200AF10E2 /* main.m */; };
		FE940BEC2047E9FE00AF10E2 /* MCPopMenuView.m in Sources */ = {isa = PBXBuildFile; fileRef = FE940BEB2047E9FE00AF10E2 /* MCPopMenuView.m */; };
/* End PBXBuildFile section */

/* Begin PBXFileReference section */
		0D6FB1A222BC9DCD00F11713 /* MCMenuTableView.h */ = {isa = PBXFileReference; lastKnownFileType = sourcecode.c.h; path = MCMenuTableView.h; sourceTree = "<group>"; };
		0D6FB1A322BC9DCD00F11713 /* MCMenuTableView.m */ = {isa = PBXFileReference; lastKnownFileType = sourcecode.c.objc; path = MCMenuTableView.m; sourceTree = "<group>"; };
		0D6FB1A522BCA89800F11713 /* MCPopMenuSetting.h */ = {isa = PBXFileReference; lastKnownFileType = sourcecode.c.h; path = MCPopMenuSetting.h; sourceTree = "<group>"; };
		0D6FB1A622BCA89800F11713 /* MCPopMenuSetting.m */ = {isa = PBXFileReference; lastKnownFileType = sourcecode.c.objc; path = MCPopMenuSetting.m; sourceTree = "<group>"; };
		FE940BD02047E59200AF10E2 /* MCPopMenuDemo.app */ = {isa = PBXFileReference; explicitFileType = wrapper.application; includeInIndex = 0; path = MCPopMenuDemo.app; sourceTree = BUILT_PRODUCTS_DIR; };
		FE940BD32047E59200AF10E2 /* AppDelegate.h */ = {isa = PBXFileReference; lastKnownFileType = sourcecode.c.h; path = AppDelegate.h; sourceTree = "<group>"; };
		FE940BD42047E59200AF10E2 /* AppDelegate.m */ = {isa = PBXFileReference; lastKnownFileType = sourcecode.c.objc; path = AppDelegate.m; sourceTree = "<group>"; };
		FE940BD62047E59200AF10E2 /* ViewController.h */ = {isa = PBXFileReference; lastKnownFileType = sourcecode.c.h; path = ViewController.h; sourceTree = "<group>"; };
		FE940BD72047E59200AF10E2 /* ViewController.m */ = {isa = PBXFileReference; lastKnownFileType = sourcecode.c.objc; path = ViewController.m; sourceTree = "<group>"; };
		FE940BDA2047E59200AF10E2 /* Base */ = {isa = PBXFileReference; lastKnownFileType = file.storyboard; name = Base; path = Base.lproj/Main.storyboard; sourceTree = "<group>"; };
		FE940BDC2047E59200AF10E2 /* Assets.xcassets */ = {isa = PBXFileReference; lastKnownFileType = folder.assetcatalog; path = Assets.xcassets; sourceTree = "<group>"; };
		FE940BDF2047E59200AF10E2 /* Base */ = {isa = PBXFileReference; lastKnownFileType = file.storyboard; name = Base; path = Base.lproj/LaunchScreen.storyboard; sourceTree = "<group>"; };
		FE940BE12047E59200AF10E2 /* Info.plist */ = {isa = PBXFileReference; lastKnownFileType = text.plist.xml; path = Info.plist; sourceTree = "<group>"; };
		FE940BE22047E59200AF10E2 /* main.m */ = {isa = PBXFileReference; lastKnownFileType = sourcecode.c.objc; path = main.m; sourceTree = "<group>"; };
		FE940BEA2047E9FE00AF10E2 /* MCPopMenuView.h */ = {isa = PBXFileReference; lastKnownFileType = sourcecode.c.h; path = MCPopMenuView.h; sourceTree = "<group>"; };
		FE940BEB2047E9FE00AF10E2 /* MCPopMenuView.m */ = {isa = PBXFileReference; lastKnownFileType = sourcecode.c.objc; path = MCPopMenuView.m; sourceTree = "<group>"; };
/* End PBXFileReference section */

/* Begin PBXFrameworksBuildPhase section */
		FE940BCD2047E59200AF10E2 /* Frameworks */ = {
			isa = PBXFrameworksBuildPhase;
			buildActionMask = 2147483647;
			files = (
			);
			runOnlyForDeploymentPostprocessing = 0;
		};
/* End PBXFrameworksBuildPhase section */

/* Begin PBXGroup section */
		FE940BC72047E59200AF10E2 = {
			isa = PBXGroup;
			children = (
				FE940BD22047E59200AF10E2 /* MCPopMenuDemo */,
				FE940BD12047E59200AF10E2 /* Products */,
			);
			sourceTree = "<group>";
		};
		FE940BD12047E59200AF10E2 /* Products */ = {
			isa = PBXGroup;
			children = (
				FE940BD02047E59200AF10E2 /* MCPopMenuDemo.app */,
			);
			name = Products;
			sourceTree = "<group>";
		};
		FE940BD22047E59200AF10E2 /* MCPopMenuDemo */ = {
			isa = PBXGroup;
			children = (
				FE940BE92047E9C700AF10E2 /* MCPopMenu */,
				FE940BD32047E59200AF10E2 /* AppDelegate.h */,
				FE940BD42047E59200AF10E2 /* AppDelegate.m */,
				FE940BD62047E59200AF10E2 /* ViewController.h */,
				FE940BD72047E59200AF10E2 /* ViewController.m */,
				FE940BD92047E59200AF10E2 /* Main.storyboard */,
				FE940BDC2047E59200AF10E2 /* Assets.xcassets */,
				FE940BDE2047E59200AF10E2 /* LaunchScreen.storyboard */,
				FE940BE12047E59200AF10E2 /* Info.plist */,
				FE940BE22047E59200AF10E2 /* main.m */,
			);
			path = MCPopMenuDemo;
			sourceTree = "<group>";
		};
		FE940BE92047E9C700AF10E2 /* MCPopMenu */ = {
			isa = PBXGroup;
			children = (
				FE940BEA2047E9FE00AF10E2 /* MCPopMenuView.h */,
				FE940BEB2047E9FE00AF10E2 /* MCPopMenuView.m */,
				0D6FB1A222BC9DCD00F11713 /* MCMenuTableView.h */,
				0D6FB1A322BC9DCD00F11713 /* MCMenuTableView.m */,
				0D6FB1A522BCA89800F11713 /* MCPopMenuSetting.h */,
				0D6FB1A622BCA89800F11713 /* MCPopMenuSetting.m */,
			);
			path = MCPopMenu;
			sourceTree = "<group>";
		};
/* End PBXGroup section */

/* Begin PBXNativeTarget section */
		FE940BCF2047E59200AF10E2 /* MCPopMenuDemo */ = {
			isa = PBXNativeTarget;
			buildConfigurationList = FE940BE62047E59200AF10E2 /* Build configuration list for PBXNativeTarget "MCPopMenuDemo" */;
			buildPhases = (
				FE940BCC2047E59200AF10E2 /* Sources */,
				FE940BCD2047E59200AF10E2 /* Frameworks */,
				FE940BCE2047E59200AF10E2 /* Resources */,
			);
			buildRules = (
			);
			dependencies = (
			);
			name = MCPopMenuDemo;
			productName = MCPopMenuDemo;
			productReference = FE940BD02047E59200AF10E2 /* MCPopMenuDemo.app */;
			productType = "com.apple.product-type.application";
		};
/* End PBXNativeTarget section */

/* Begin PBXProject section */
		FE940BC82047E59200AF10E2 /* Project object */ = {
			isa = PBXProject;
			attributes = {
				LastUpgradeCheck = 0910;
				ORGANIZATIONNAME = chh;
				TargetAttributes = {
					FE940BCF2047E59200AF10E2 = {
						CreatedOnToolsVersion = 9.1;
						ProvisioningStyle = Automatic;
					};
				};
			};
			buildConfigurationList = FE940BCB2047E59200AF10E2 /* Build configuration list for PBXProject "MCPopMenuDemo" */;
			compatibilityVersion = "Xcode 8.0";
			developmentRegion = en;
			hasScannedForEncodings = 0;
			knownRegions = (
				en,
				Base,
			);
			mainGroup = FE940BC72047E59200AF10E2;
			productRefGroup = FE940BD12047E59200AF10E2 /* Products */;
			projectDirPath = "";
			projectRoot = "";
			targets = (
				FE940BCF2047E59200AF10E2 /* MCPopMenuDemo */,
			);
		};
/* End PBXProject section */

/* Begin PBXResourcesBuildPhase section */
		FE940BCE2047E59200AF10E2 /* Resources */ = {
			isa = PBXResourcesBuildPhase;
			buildActionMask = 2147483647;
			files = (
				FE940BE02047E59200AF10E2 /* LaunchScreen.storyboard in Resources */,
				FE940BDD2047E59200AF10E2 /* Assets.xcassets in Resources */,
				FE940BDB2047E59200AF10E2 /* Main.storyboard in Resources */,
			);
			runOnlyForDeploymentPostprocessing = 0;
		};
/* End PBXResourcesBuildPhase section */

/* Begin PBXSourcesBuildPhase section */
		FE940BCC2047E59200AF10E2 /* Sources */ = {
			isa = PBXSourcesBuildPhase;
			buildActionMask = 2147483647;
			files = (
				FE940BD82047E59200AF10E2 /* ViewController.m in Sources */,
				FE940BEC2047E9FE00AF10E2 /* MCPopMenuView.m in Sources */,
				0D6FB1A422BC9DCD00F11713 /* MCMenuTableView.m in Sources */,
				FE940BE32047E59200AF10E2 /* main.m in Sources */,
				FE940BD52047E59200AF10E2 /* AppDelegate.m in Sources */,
				0D6FB1A722BCA89800F11713 /* MCPopMenuSetting.m in Sources */,
			);
			runOnlyForDeploymentPostprocessing = 0;
		};
/* End PBXSourcesBuildPhase section */

/* Begin PBXVariantGroup section */
		FE940BD92047E59200AF10E2 /* Main.storyboard */ = {
			isa = PBXVariantGroup;
			children = (
				FE940BDA2047E59200AF10E2 /* Base */,
			);
			name = Main.storyboard;
			sourceTree = "<group>";
		};
		FE940BDE2047E59200AF10E2 /* LaunchScreen.storyboard */ = {
			isa = PBXVariantGroup;
			children = (
				FE940BDF2047E59200AF10E2 /* Base */,
			);
			name = LaunchScreen.storyboard;
			sourceTree = "<group>";
		};
/* End PBXVariantGroup section */

/* Begin XCBuildConfiguration section */
		FE940BE42047E59200AF10E2 /* Debug */ = {
			isa = XCBuildConfiguration;
			buildSettings = {
				ALWAYS_SEARCH_USER_PATHS = NO;
				CLANG_ANALYZER_NONNULL = YES;
				CLANG_ANALYZER_NUMBER_OBJECT_CONVERSION = YES_AGGRESSIVE;
				CLANG_CXX_LANGUAGE_STANDARD = "gnu++14";
				CLANG_CXX_LIBRARY = "libc++";
				CLANG_ENABLE_MODULES = YES;
				CLANG_ENABLE_OBJC_ARC = YES;
				CLANG_WARN_BLOCK_CAPTURE_AUTORELEASING = YES;
				CLANG_WARN_BOOL_CONVERSION = YES;
				CLANG_WARN_COMMA = YES;
				CLANG_WARN_CONSTANT_CONVERSION = YES;
				CLANG_WARN_DIRECT_OBJC_ISA_USAGE = YES_ERROR;
				CLANG_WARN_DOCUMENTATION_COMMENTS = YES;
				CLANG_WARN_EMPTY_BODY = YES;
				CLANG_WARN_ENUM_CONVERSION = YES;
				CLANG_WARN_INFINITE_RECURSION = YES;
				CLANG_WARN_INT_CONVERSION = YES;
				CLANG_WARN_NON_LITERAL_NULL_CONVERSION = YES;
				CLANG_WARN_OBJC_LITERAL_CONVERSION = YES;
				CLANG_WARN_OBJC_ROOT_CLASS = YES_ERROR;
				CLANG_WARN_RANGE_LOOP_ANALYSIS = YES;
				CLANG_WARN_STRICT_PROTOTYPES = YES;
				CLANG_WARN_SUSPICIOUS_MOVE = YES;
				CLANG_WARN_UNGUARDED_AVAILABILITY = YES_AGGRESSIVE;
				CLANG_WARN_UNREACHABLE_CODE = YES;
				CLANG_WARN__DUPLICATE_METHOD_MATCH = YES;
				CODE_SIGN_IDENTITY = "iPhone Developer";
				COPY_PHASE_STRIP = NO;
				DEBUG_INFORMATION_FORMAT = dwarf;
				ENABLE_STRICT_OBJC_MSGSEND = YES;
				ENABLE_TESTABILITY = YES;
				GCC_C_LANGUAGE_STANDARD = gnu11;
				GCC_DYNAMIC_NO_PIC = NO;
				GCC_NO_COMMON_BLOCKS = YES;
				GCC_OPTIMIZATION_LEVEL = 0;
				GCC_PREPROCESSOR_DEFINITIONS = (
					"DEBUG=1",
					"$(inherited)",
				);
				GCC_WARN_64_TO_32_BIT_CONVERSION = YES;
				GCC_WARN_ABOUT_RETURN_TYPE = YES_ERROR;
				GCC_WARN_UNDECLARED_SELECTOR = YES;
				GCC_WARN_UNINITIALIZED_AUTOS = YES_AGGRESSIVE;
				GCC_WARN_UNUSED_FUNCTION = YES;
				GCC_WARN_UNUSED_VARIABLE = YES;
				IPHONEOS_DEPLOYMENT_TARGET = 11.1;
				MTL_ENABLE_DEBUG_INFO = YES;
				ONLY_ACTIVE_ARCH = YES;
				SDKROOT = iphoneos;
			};
			name = Debug;
		};
		FE940BE52047E59200AF10E2 /* Release */ = {
			isa = XCBuildConfiguration;
			buildSettings = {
				ALWAYS_SEARCH_USER_PATHS = NO;
				CLANG_ANALYZER_NONNULL = YES;
				CLANG_ANALYZER_NUMBER_OBJECT_CONVERSION = YES_AGGRESSIVE;
				CLANG_CXX_LANGUAGE_STANDARD = "gnu++14";
				CLANG_CXX_LIBRARY = "libc++";
				CLANG_ENABLE_MODULES = YES;
				CLANG_ENABLE_OBJC_ARC = YES;
				CLANG_WARN_BLOCK_CAPTURE_AUTORELEASING = YES;
				CLANG_WARN_BOOL_CONVERSION = YES;
				CLANG_WARN_COMMA = YES;
				CLANG_WARN_CONSTANT_CONVERSION = YES;
				CLANG_WARN_DIRECT_OBJC_ISA_USAGE = YES_ERROR;
				CLANG_WARN_DOCUMENTATION_COMMENTS = YES;
				CLANG_WARN_EMPTY_BODY = YES;
				CLANG_WARN_ENUM_CONVERSION = YES;
				CLANG_WARN_INFINITE_RECURSION = YES;
				CLANG_WARN_INT_CONVERSION = YES;
				CLANG_WARN_NON_LITERAL_NULL_CONVERSION = YES;
				CLANG_WARN_OBJC_LITERAL_CONVERSION = YES;
				CLANG_WARN_OBJC_ROOT_CLASS = YES_ERROR;
				CLANG_WARN_RANGE_LOOP_ANALYSIS = YES;
				CLANG_WARN_STRICT_PROTOTYPES = YES;
				CLANG_WARN_SUSPICIOUS_MOVE = YES;
				CLANG_WARN_UNGUARDED_AVAILABILITY = YES_AGGRESSIVE;
				CLANG_WARN_UNREACHABLE_CODE = YES;
				CLANG_WARN__DUPLICATE_METHOD_MATCH = YES;
				CODE_SIGN_IDENTITY = "iPhone Developer";
				COPY_PHASE_STRIP = NO;
				DEBUG_INFORMATION_FORMAT = "dwarf-with-dsym";
				ENABLE_NS_ASSERTIONS = NO;
				ENABLE_STRICT_OBJC_MSGSEND = YES;
				GCC_C_LANGUAGE_STANDARD = gnu11;
				GCC_NO_COMMON_BLOCKS = YES;
				GCC_WARN_64_TO_32_BIT_CONVERSION = YES;
				GCC_WARN_ABOUT_RETURN_TYPE = YES_ERROR;
				GCC_WARN_UNDECLARED_SELECTOR = YES;
				GCC_WARN_UNINITIALIZED_AUTOS = YES_AGGRESSIVE;
				GCC_WARN_UNUSED_FUNCTION = YES;
				GCC_WARN_UNUSED_VARIABLE = YES;
				IPHONEOS_DEPLOYMENT_TARGET = 11.1;
				MTL_ENABLE_DEBUG_INFO = NO;
				SDKROOT = iphoneos;
				VALIDATE_PRODUCT = YES;
			};
			name = Release;
		};
		FE940BE72047E59200AF10E2 /* Debug */ = {
			isa = XCBuildConfiguration;
			buildSettings = {
				ASSETCATALOG_COMPILER_APPICON_NAME = AppIcon;
				CODE_SIGN_STYLE = Automatic;
				DEVELOPMENT_TEAM = 2M227336GQ;
				INFOPLIST_FILE = MCPopMenuDemo/Info.plist;
				LD_RUNPATH_SEARCH_PATHS = "$(inherited) @executable_path/Frameworks";
				PRODUCT_BUNDLE_IDENTIFIER = com.rs.MCPopMenuDemo;
				PRODUCT_NAME = "$(TARGET_NAME)";
				TARGETED_DEVICE_FAMILY = "1,2";
			};
			name = Debug;
		};
		FE940BE82047E59200AF10E2 /* Release */ = {
			isa = XCBuildConfiguration;
			buildSettings = {
				ASSETCATALOG_COMPILER_APPICON_NAME = AppIcon;
				CODE_SIGN_STYLE = Automatic;
				DEVELOPMENT_TEAM = 2M227336GQ;
				INFOPLIST_FILE = MCPopMenuDemo/Info.plist;
				LD_RUNPATH_SEARCH_PATHS = "$(inherited) @executable_path/Frameworks";
				PRODUCT_BUNDLE_IDENTIFIER = com.rs.MCPopMenuDemo;
				PRODUCT_NAME = "$(TARGET_NAME)";
				TARGETED_DEVICE_FAMILY = "1,2";
			};
			name = Release;
		};
/* End XCBuildConfiguration section */

/* Begin XCConfigurationList section */
		FE940BCB2047E59200AF10E2 /* Build configuration list for PBXProject "MCPopMenuDemo" */ = {
			isa = XCConfigurationList;
			buildConfigurations = (
				FE940BE42047E59200AF10E2 /* Debug */,
				FE940BE52047E59200AF10E2 /* Release */,
			);
			defaultConfigurationIsVisible = 0;
			defaultConfigurationName = Release;
		};
		FE940BE62047E59200AF10E2 /* Build configuration list for PBXNativeTarget "MCPopMenuDemo" */ = {
			isa = XCConfigurationList;
			buildConfigurations = (
				FE940BE72047E59200AF10E2 /* Debug */,
				FE940BE82047E59200AF10E2 /* Release */,
			);
			defaultConfigurationIsVisible = 0;
			defaultConfigurationName = Release;
		};
/* End XCConfigurationList section */
	};
	rootObject = FE940BC82047E59200AF10E2 /* Project object */;
}
